hash: d6aa80039853392183b4f978a30543cf46c38a300fe681e943ee9cb201af5ff3
updated: 2018-06-15T18:08:32.074573+08:00
imports:
- name: github.com/goware/urlx
  version: 06d8eeb3ce171b5617a3f8ef24451df26ca971ef
- name: github.com/PuerkitoBio/purell
  version: 975f53781597ed779763b7b65566e74c4004d8de
- name: github.com/PuerkitoBio/urlesc
  version: de5bf2ad457846296e2031421a34e2568e304e35
- name: github.com/urfave/cli
  version: cfb38830724cc34fedffe9a2a29fb54fa9169cd1
- name: golang.org/x/net
  version: db08ff08e8622530d9ed3a0e8ac279f6d4c02196
  subpackages:
  - idna
- name: golang.org/x/text
  version: 5c1cf69b5978e5a34c5f9ba09a83e56acc4b7877
  subpackages:
  - secure/bidirule
  - transform
  - unicode/bidi
  - unicode/norm
  - width
testImports:
- name: github.com/davecgh/go-spew
  version: 8991bc29aa16c548c550c7ff78260e27b9ab7c73
  subpackages:
  - spew
- name: github.com/mattn/goveralls
  version: f387bc136f8b84259130eb48e2b9c28e8f7f25b2
- name: github.com/pmezard/go-difflib
  version: 792786c7400a136282c1664665ae0a8db921c6c2
  subpackages:
  - difflib
- name: github.com/stretchr/testify
  version: c679ae2cc0cb27ec3293fea7e254e47386f05d69
  subpackages:
  - assert
- name: golang.org/x/tools
  version: c6269430a55499efa2e293ae66926175dc3af30e
  subpackages:
  - cover
